// !$*UTF8*$!
{
	archiveVersion = 1;
	classes = {
	};
	objectVersion = 55;
	objects = {

/* Begin PBXBuildFile section */
		3CF36592DB01613429A52BC1 /* Pods_MvvmAlamofire.framework in Frameworks */ = {isa = PBXBuildFile; fileRef = C35B278B5FB9C24BBEC0AEF7 /* Pods_MvvmAlamofire.framework */; };
		C9218976285BDA5E00AE38AF /* JsonPlaceHolderService.swift in Sources */ = {isa = PBXBuildFile; fileRef = C9218975285BDA5E00AE38AF /* JsonPlaceHolderService.swift */; };
		C9EBCF4B285BCCCB0061AFEA /* AppDelegate.swift in Sources */ = {isa = PBXBuildFile; fileRef = C9EBCF4A285BCCCB0061AFEA /* AppDelegate.swift */; };
		C9EBCF4D285BCCCB0061AFEA /* SceneDelegate.swift in Sources */ = {isa = PBXBuildFile; fileRef = C9EBCF4C285BCCCB0061AFEA /* SceneDelegate.swift */; };
		C9EBCF4F285BCCCB0061AFEA /* ViewController.swift in Sources */ = {isa = PBXBuildFile; fileRef = C9EBCF4E285BCCCB0061AFEA /* ViewController.swift */; };
		C9EBCF52285BCCCB0061AFEA /* Main.storyboard in Resources */ = {isa = PBXBuildFile; fileRef = C9EBCF50285BCCCB0061AFEA /* Main.storyboard */; };
		C9EBCF54285BCCCC0061AFEA /* Assets.xcassets in Resources */ = {isa = PBXBuildFile; fileRef = C9EBCF53285BCCCC0061AFEA /* Assets.xcassets */; };
		C9EBCF57285BCCCC0061AFEA /* LaunchScreen.storyboard in Resources */ = {isa = PBXBuildFile; fileRef = C9EBCF55285BCCCC0061AFEA /* LaunchScreen.storyboard */; };
		C9EBCF64285BCD350061AFEA /* JsonPlaceHolderViewController.swift in Sources */ = {isa = PBXBuildFile; fileRef = C9EBCF62285BCD350061AFEA /* JsonPlaceHolderViewController.swift */; };
		C9EBCF65285BCD350061AFEA /* JsonPlaceHolderViewController.xib in Resources */ = {isa = PBXBuildFile; fileRef = C9EBCF63285BCD350061AFEA /* JsonPlaceHolderViewController.xib */; };
		C9EBCF68285BCFAA0061AFEA /* PostModel.swift in Sources */ = {isa = PBXBuildFile; fileRef = C9EBCF67285BCFAA0061AFEA /* PostModel.swift */; };
		C9EBCF6C285BD0240061AFEA /* JsonTableView.swift in Sources */ = {isa = PBXBuildFile; fileRef = C9EBCF6B285BD0240061AFEA /* JsonTableView.swift */; };
/* End PBXBuildFile section */

/* Begin PBXFileReference section */
		0F581CFF54431874A605D47D /* Pods-MvvmAlamofire.release.xcconfig */ = {isa = PBXFileReference; includeInIndex = 1; lastKnownFileType = text.xcconfig; name = "Pods-MvvmAlamofire.release.xcconfig"; path = "Target Support Files/Pods-MvvmAlamofire/Pods-MvvmAlamofire.release.xcconfig"; sourceTree = "<group>"; };
		550F2830DF10DDD1A603A1F7 /* Pods-MvvmAlamofire.debug.xcconfig */ = {isa = PBXFileReference; includeInIndex = 1; lastKnownFileType = text.xcconfig; name = "Pods-MvvmAlamofire.debug.xcconfig"; path = "Target Support Files/Pods-MvvmAlamofire/Pods-MvvmAlamofire.debug.xcconfig"; sourceTree = "<group>"; };
		C35B278B5FB9C24BBEC0AEF7 /* Pods_MvvmAlamofire.framework */ = {isa = PBXFileReference; explicitFileType = wrapper.framework; includeInIndex = 0; path = Pods_MvvmAlamofire.framework; sourceTree = BUILT_PRODUCTS_DIR; };
		C9218975285BDA5E00AE38AF /* JsonPlaceHolderService.swift */ = {isa = PBXFileReference; lastKnownFileType = sourcecode.swift; path = JsonPlaceHolderService.swift; sourceTree = "<group>"; };
		C9EBCF47285BCCCB0061AFEA /* MvvmAlamofire.app */ = {isa = PBXFileReference; explicitFileType = wrapper.application; includeInIndex = 0; path = MvvmAlamofire.app; sourceTree = BUILT_PRODUCTS_DIR; };
		C9EBCF4A285BCCCB0061AFEA /* AppDelegate.swift */ = {isa = PBXFileReference; lastKnownFileType = sourcecode.swift; path = AppDelegate.swift; sourceTree = "<group>"; };
		C9EBCF4C285BCCCB0061AFEA /* SceneDelegate.swift */ = {isa = PBXFileReference; lastKnownFileType = sourcecode.swift; path = SceneDelegate.swift; sourceTree = "<group>"; };
		C9EBCF4E285BCCCB0061AFEA /* ViewController.swift */ = {isa = PBXFileReference; lastKnownFileType = sourcecode.swift; path = ViewController.swift; sourceTree = "<group>"; };
		C9EBCF51285BCCCB0061AFEA /* Base */ = {isa = PBXFileReference; lastKnownFileType = file.storyboard; name = Base; path = Base.lproj/Main.storyboard; sourceTree = "<group>"; };
		C9EBCF53285BCCCC0061AFEA /* Assets.xcassets */ = {isa = PBXFileReference; lastKnownFileType = folder.assetcatalog; path = Assets.xcassets; sourceTree = "<group>"; };
		C9EBCF56285BCCCC0061AFEA /* Base */ = {isa = PBXFileReference; lastKnownFileType = file.storyboard; name = Base; path = Base.lproj/LaunchScreen.storyboard; sourceTree = "<group>"; };
		C9EBCF58285BCCCC0061AFEA /* Info.plist */ = {isa = PBXFileReference; lastKnownFileType = text.plist.xml; path = Info.plist; sourceTree = "<group>"; };
		C9EBCF62285BCD350061AFEA /* JsonPlaceHolderViewController.swift */ = {isa = PBXFileReference; lastKnownFileType = sourcecode.swift; path = JsonPlaceHolderViewController.swift; sourceTree = "<group>"; };
		C9EBCF63285BCD350061AFEA /* JsonPlaceHolderViewController.xib */ = {isa = PBXFileReference; lastKnownFileType = file.xib; path = JsonPlaceHolderViewController.xib; sourceTree = "<group>"; };
		C9EBCF67285BCFAA0061AFEA /* PostModel.swift */ = {isa = PBXFileReference; lastKnownFileType = sourcecode.swift; path = PostModel.swift; sourceTree = "<group>"; };
		C9EBCF6B285BD0240061AFEA /* JsonTableView.swift */ = {isa = PBXFileReference; lastKnownFileType = sourcecode.swift; path = JsonTableView.swift; sourceTree = "<group>"; xcLanguageSpecificationIdentifier = xcode.lang.swift; };
/* End PBXFileReference section */

/* Begin PBXFrameworksBuildPhase section */
		C9EBCF44285BCCCB0061AFEA /* Frameworks */ = {
			isa = PBXFrameworksBuildPhase;
			buildActionMask = 2147483647;
			files = (
				3CF36592DB01613429A52BC1 /* Pods_MvvmAlamofire.framework in Frameworks */,
			);
			runOnlyForDeploymentPostprocessing = 0;
		};
/* End PBXFrameworksBuildPhase section */

/* Begin PBXGroup section */
		51F3102C68279E4C418EBDAD /* Frameworks */ = {
			isa = PBXGroup;
			children = (
				C35B278B5FB9C24BBEC0AEF7 /* Pods_MvvmAlamofire.framework */,
			);
			name = Frameworks;
			sourceTree = "<group>";
		};
		C9EBCF3E285BCCCB0061AFEA = {
			isa = PBXGroup;
			children = (
				C9EBCF49285BCCCB0061AFEA /* MvvmAlamofire */,
				C9EBCF48285BCCCB0061AFEA /* Products */,
				CE2F49B27B9EF718509FBE4A /* Pods */,
				51F3102C68279E4C418EBDAD /* Frameworks */,
			);
			sourceTree = "<group>";
		};
		C9EBCF48285BCCCB0061AFEA /* Products */ = {
			isa = PBXGroup;
			children = (
				C9EBCF47285BCCCB0061AFEA /* MvvmAlamofire.app */,
			);
			name = Products;
			sourceTree = "<group>";
		};
		C9EBCF49285BCCCB0061AFEA /* MvvmAlamofire */ = {
			isa = PBXGroup;
			children = (
				C9EBCF60285BCCFA0061AFEA /* Features */,
				C9EBCF5E285BCCDA0061AFEA /* Core */,
			);
			path = MvvmAlamofire;
			sourceTree = "<group>";
		};
		C9EBCF5E285BCCDA0061AFEA /* Core */ = {
			isa = PBXGroup;
			children = (
				C9EBCF53285BCCCC0061AFEA /* Assets.xcassets */,
				C9EBCF5F285BCCE60061AFEA /* Delegates */,
				C9EBCF50285BCCCB0061AFEA /* Main.storyboard */,
				C9EBCF4E285BCCCB0061AFEA /* ViewController.swift */,
			);
			path = Core;
			sourceTree = "<group>";
		};
		C9EBCF5F285BCCE60061AFEA /* Delegates */ = {
			isa = PBXGroup;
			children = (
				C9EBCF4A285BCCCB0061AFEA /* AppDelegate.swift */,
				C9EBCF4C285BCCCB0061AFEA /* SceneDelegate.swift */,
			);
			path = Delegates;
			sourceTree = "<group>";
		};
		C9EBCF60285BCCFA0061AFEA /* Features */ = {
			isa = PBXGroup;
			children = (
				C9EBCF69285BCFF20061AFEA /* Service */,
				C9EBCF66285BCF940061AFEA /* Model */,
				C9EBCF61285BCD100061AFEA /* View */,
				C9EBCF58285BCCCC0061AFEA /* Info.plist */,
				C9EBCF55285BCCCC0061AFEA /* LaunchScreen.storyboard */,
			);
			path = Features;
			sourceTree = "<group>";
		};
		C9EBCF61285BCD100061AFEA /* View */ = {
			isa = PBXGroup;
			children = (
				C9EBCF6A285BD0180061AFEA /* SubView */,
				C9EBCF62285BCD350061AFEA /* JsonPlaceHolderViewController.swift */,
				C9EBCF63285BCD350061AFEA /* JsonPlaceHolderViewController.xib */,
			);
			path = View;
			sourceTree = "<group>";
		};
		C9EBCF66285BCF940061AFEA /* Model */ = {
			isa = PBXGroup;
			children = (
				C9EBCF67285BCFAA0061AFEA /* PostModel.swift */,
			);
			path = Model;
			sourceTree = "<group>";
		};
		C9EBCF69285BCFF20061AFEA /* Service */ = {
			isa = PBXGroup;
			children = (
				C9218975285BDA5E00AE38AF /* JsonPlaceHolderService.swift */,
			);
			path = Service;
			sourceTree = "<group>";
		};
		C9EBCF6A285BD0180061AFEA /* SubView */ = {
			isa = PBXGroup;
			children = (
				C9EBCF6B285BD0240061AFEA /* JsonTableView.swift */,
			);
			path = SubView;
			sourceTree = "<group>";
		};
		CE2F49B27B9EF718509FBE4A /* Pods */ = {
			isa = PBXGroup;
			children = (
				550F2830DF10DDD1A603A1F7 /* Pods-MvvmAlamofire.debug.xcconfig */,
				0F581CFF54431874A605D47D /* Pods-MvvmAlamofire.release.xcconfig */,
			);
			path = Pods;
			sourceTree = "<group>";
		};
/* End PBXGroup section */

/* Begin PBXNativeTarget section */
		C9EBCF46285BCCCB0061AFEA /* MvvmAlamofire */ = {
			isa = PBXNativeTarget;
			buildConfigurationList = C9EBCF5B285BCCCC0061AFEA /* Build configuration list for PBXNativeTarget "MvvmAlamofire" */;
			buildPhases = (
				054DDBD5A355C3BF489F3EAC /* [CP] Check Pods Manifest.lock */,
				C9EBCF43285BCCCB0061AFEA /* Sources */,
				C9EBCF44285BCCCB0061AFEA /* Frameworks */,
				C9EBCF45285BCCCB0061AFEA /* Resources */,
				F71D3EFA73CB3221F8C9F8B0 /* [CP] Embed Pods Frameworks */,
			);
			buildRules = (
			);
			dependencies = (
			);
			name = MvvmAlamofire;
			productName = MvvmAlamofire;
			productReference = C9EBCF47285BCCCB0061AFEA /* MvvmAlamofire.app */;
			productType = "com.apple.product-type.application";
		};
/* End PBXNativeTarget section */

/* Begin PBXProject section */
		C9EBCF3F285BCCCB0061AFEA /* Project object */ = {
			isa = PBXProject;
			attributes = {
				BuildIndependentTargetsInParallel = 1;
				LastSwiftUpdateCheck = 1340;
				LastUpgradeCheck = 1340;
				TargetAttributes = {
					C9EBCF46285BCCCB0061AFEA = {
						CreatedOnToolsVersion = 13.4.1;
					};
				};
			};
			buildConfigurationList = C9EBCF42285BCCCB0061AFEA /* Build configuration list for PBXProject "MvvmAlamofire" */;
			compatibilityVersion = "Xcode 13.0";
			developmentRegion = en;
			hasScannedForEncodings = 0;
			knownRegions = (
				en,
				Base,
			);
			mainGroup = C9EBCF3E285BCCCB0061AFEA;
			productRefGroup = C9EBCF48285BCCCB0061AFEA /* Products */;
			projectDirPath = "";
			projectRoot = "";
			targets = (
				C9EBCF46285BCCCB0061AFEA /* MvvmAlamofire */,
			);
		};
/* End PBXProject section */

/* Begin PBXResourcesBuildPhase section */
		C9EBCF45285BCCCB0061AFEA /* Resources */ = {
			isa = PBXResourcesBuildPhase;
			buildActionMask = 2147483647;
			files = (
				C9EBCF57285BCCCC0061AFEA /* LaunchScreen.storyboard in Resources */,
				C9EBCF54285BCCCC0061AFEA /* Assets.xcassets in Resources */,
				C9EBCF65285BCD350061AFEA /* JsonPlaceHolderViewController.xib in Resources */,
				C9EBCF52285BCCCB0061AFEA /* Main.storyboard in Resources */,
			);
			runOnlyForDeploymentPostprocessing = 0;
		};
/* End PBXResourcesBuildPhase section */

/* Begin PBXShellScriptBuildPhase section */
		054DDBD5A355C3BF489F3EAC /* [CP] Check Pods Manifest.lock */ = {
			isa = PBXShellScriptBuildPhase;
			buildActionMask = 2147483647;
			files = (
			);
			inputFileListPaths = (
			);
			inputPaths = (
				"${PODS_PODFILE_DIR_PATH}/Podfile.lock",
				"${PODS_ROOT}/Manifest.lock",
			);
			name = "[CP] Check Pods Manifest.lock";
			outputFileListPaths = (
			);
			outputPaths = (
				"$(DERIVED_FILE_DIR)/Pods-MvvmAlamofire-checkManifestLockResult.txt",
			);
			runOnlyForDeploymentPostprocessing = 0;
			shellPath = /bin/sh;
			shellScript = "diff \"${PODS_PODFILE_DIR_PATH}/Podfile.lock\" \"${PODS_ROOT}/Manifest.lock\" > /dev/null\nif [ $? != 0 ] ; then\n    # print error to STDERR\n    echo \"error: The sandbox is not in sync with the Podfile.lock. Run 'pod install' or update your CocoaPods installation.\" >&2\n    exit 1\nfi\n# This output is used by Xcode 'outputs' to avoid re-running this script phase.\necho \"SUCCESS\" > \"${SCRIPT_OUTPUT_FILE_0}\"\n";
			showEnvVarsInLog = 0;
		};
		F71D3EFA73CB3221F8C9F8B0 /* [CP] Embed Pods Frameworks */ = {
			isa = PBXShellScriptBuildPhase;
			buildActionMask = 2147483647;
			files = (
			);
			inputFileListPaths = (
				"${PODS_ROOT}/Target Support Files/Pods-MvvmAlamofire/Pods-MvvmAlamofire-frameworks-${CONFIGURATION}-input-files.xcfilelist",
			);
			name = "[CP] Embed Pods Frameworks";
			outputFileListPaths = (
				"${PODS_ROOT}/Target Support Files/Pods-MvvmAlamofire/Pods-MvvmAlamofire-frameworks-${CONFIGURATION}-output-files.xcfilelist",
			);
			runOnlyForDeploymentPostprocessing = 0;
			shellPath = /bin/sh;
			shellScript = "\"${PODS_ROOT}/Target Support Files/Pods-MvvmAlamofire/Pods-MvvmAlamofire-frameworks.sh\"\n";
			showEnvVarsInLog = 0;
		};
/* End PBXShellScriptBuildPhase section */

/* Begin PBXSourcesBuildPhase section */
		C9EBCF43285BCCCB0061AFEA /* Sources */ = {
			isa = PBXSourcesBuildPhase;
			buildActionMask = 2147483647;
			files = (
				C9EBCF4F285BCCCB0061AFEA /* ViewController.swift in Sources */,
				C9EBCF68285BCFAA0061AFEA /* PostModel.swift in Sources */,
				C9EBCF4B285BCCCB0061AFEA /* AppDelegate.swift in Sources */,
				C9218976285BDA5E00AE38AF /* JsonPlaceHolderService.swift in Sources */,
				C9EBCF6C285BD0240061AFEA /* JsonTableView.swift in Sources */,
				C9EBCF64285BCD350061AFEA /* JsonPlaceHolderViewController.swift in Sources */,
				C9EBCF4D285BCCCB0061AFEA /* SceneDelegate.swift in Sources */,
			);
			runOnlyForDeploymentPostprocessing = 0;
		};
/* End PBXSourcesBuildPhase section */

/* Begin PBXVariantGroup section */
		C9EBCF50285BCCCB0061AFEA /* Main.storyboard */ = {
			isa = PBXVariantGroup;
			children = (
				C9EBCF51285BCCCB0061AFEA /* Base */,
			);
			name = Main.storyboard;
			sourceTree = "<group>";
		};
		C9EBCF55285BCCCC0061AFEA /* LaunchScreen.storyboard */ = {
			isa = PBXVariantGroup;
			children = (
				C9EBCF56285BCCCC0061AFEA /* Base */,
			);
			name = LaunchScreen.storyboard;
			sourceTree = "<group>";
		};
/* End PBXVariantGroup section */

/* Begin XCBuildConfiguration section */
		C9EBCF59285BCCCC0061AFEA /* Debug */ = {
			isa = XCBuildConfiguration;
			buildSettings = {
				ALWAYS_SEARCH_USER_PATHS = NO;
				CLANG_ANALYZER_NONNULL = YES;
				CLANG_ANALYZER_NUMBER_OBJECT_CONVERSION = YES_AGGRESSIVE;
				CLANG_CXX_LANGUAGE_STANDARD = "gnu++17";
				CLANG_ENABLE_MODULES = YES;
				CLANG_ENABLE_OBJC_ARC = YES;
				CLANG_ENABLE_OBJC_WEAK = YES;
				CLANG_WARN_BLOCK_CAPTURE_AUTORELEASING = YES;
				CLANG_WARN_BOOL_CONVERSION = YES;
				CLANG_WARN_COMMA = YES;
				CLANG_WARN_CONSTANT_CONVERSION = YES;
				CLANG_WARN_DEPRECATED_OBJC_IMPLEMENTATIONS = YES;
				CLANG_WARN_DIRECT_OBJC_ISA_USAGE = YES_ERROR;
				CLANG_WARN_DOCUMENTATION_COMMENTS = YES;
				CLANG_WARN_EMPTY_BODY = YES;
				CLANG_WARN_ENUM_CONVERSION = YES;
				CLANG_WARN_INFINITE_RECURSION = YES;
				CLANG_WARN_INT_CONVERSION = YES;
				CLANG_WARN_NON_LITERAL_NULL_CONVERSION = YES;
				CLANG_WARN_OBJC_IMPLICIT_RETAIN_SELF = YES;
				CLANG_WARN_OBJC_LITERAL_CONVERSION = YES;
				CLANG_WARN_OBJC_ROOT_CLASS = YES_ERROR;
				CLANG_WARN_QUOTED_INCLUDE_IN_FRAMEWORK_HEADER = YES;
				CLANG_WARN_RANGE_LOOP_ANALYSIS = YES;
				CLANG_WARN_STRICT_PROTOTYPES = YES;
				CLANG_WARN_SUSPICIOUS_MOVE = YES;
				CLANG_WARN_UNGUARDED_AVAILABILITY = YES_AGGRESSIVE;
				CLANG_WARN_UNREACHABLE_CODE = YES;
				CLANG_WARN__DUPLICATE_METHOD_MATCH = YES;
				COPY_PHASE_STRIP = NO;
				DEBUG_INFORMATION_FORMAT = dwarf;
				ENABLE_STRICT_OBJC_MSGSEND = YES;
				ENABLE_TESTABILITY = YES;
				GCC_C_LANGUAGE_STANDARD = gnu11;
				GCC_DYNAMIC_NO_PIC = NO;
				GCC_NO_COMMON_BLOCKS = YES;
				GCC_OPTIMIZATION_LEVEL = 0;
				GCC_PREPROCESSOR_DEFINITIONS = (
					"DEBUG=1",
					"$(inherited)",
				);
				GCC_WARN_64_TO_32_BIT_CONVERSION = YES;
				GCC_WARN_ABOUT_RETURN_TYPE = YES_ERROR;
				GCC_WARN_UNDECLARED_SELECTOR = YES;
				GCC_WARN_UNINITIALIZED_AUTOS = YES_AGGRESSIVE;
				GCC_WARN_UNUSED_FUNCTION = YES;
				GCC_WARN_UNUSED_VARIABLE = YES;
				IPHONEOS_DEPLOYMENT_TARGET = 15.5;
				MTL_ENABLE_DEBUG_INFO = INCLUDE_SOURCE;
				MTL_FAST_MATH = YES;
				ONLY_ACTIVE_ARCH = YES;
				SDKROOT = iphoneos;
				SWIFT_ACTIVE_COMPILATION_CONDITIONS = DEBUG;
				SWIFT_OPTIMIZATION_LEVEL = "-Onone";
			};
			name = Debug;
		};
		C9EBCF5A285BCCCC0061AFEA /* Release */ = {
			isa = XCBuildConfiguration;
			buildSettings = {
				ALWAYS_SEARCH_USER_PATHS = NO;
				CLANG_ANALYZER_NONNULL = YES;
				CLANG_ANALYZER_NUMBER_OBJECT_CONVERSION = YES_AGGRESSIVE;
				CLANG_CXX_LANGUAGE_STANDARD = "gnu++17";
				CLANG_ENABLE_MODULES = YES;
				CLANG_ENABLE_OBJC_ARC = YES;
				CLANG_ENABLE_OBJC_WEAK = YES;
				CLANG_WARN_BLOCK_CAPTURE_AUTORELEASING = YES;
				CLANG_WARN_BOOL_CONVERSION = YES;
				CLANG_WARN_COMMA = YES;
				CLANG_WARN_CONSTANT_CONVERSION = YES;
				CLANG_WARN_DEPRECATED_OBJC_IMPLEMENTATIONS = YES;
				CLANG_WARN_DIRECT_OBJC_ISA_USAGE = YES_ERROR;
				CLANG_WARN_DOCUMENTATION_COMMENTS = YES;
				CLANG_WARN_EMPTY_BODY = YES;
				CLANG_WARN_ENUM_CONVERSION = YES;
				CLANG_WARN_INFINITE_RECURSION = YES;
				CLANG_WARN_INT_CONVERSION = YES;
				CLANG_WARN_NON_LITERAL_NULL_CONVERSION = YES;
				CLANG_WARN_OBJC_IMPLICIT_RETAIN_SELF = YES;
				CLANG_WARN_OBJC_LITERAL_CONVERSION = YES;
				CLANG_WARN_OBJC_ROOT_CLASS = YES_ERROR;
				CLANG_WARN_QUOTED_INCLUDE_IN_FRAMEWORK_HEADER = YES;
				CLANG_WARN_RANGE_LOOP_ANALYSIS = YES;
				CLANG_WARN_STRICT_PROTOTYPES = YES;
				CLANG_WARN_SUSPICIOUS_MOVE = YES;
				CLANG_WARN_UNGUARDED_AVAILABILITY = YES_AGGRESSIVE;
				CLANG_WARN_UNREACHABLE_CODE = YES;
				CLANG_WARN__DUPLICATE_METHOD_MATCH = YES;
				COPY_PHASE_STRIP = NO;
				DEBUG_INFORMATION_FORMAT = "dwarf-with-dsym";
				ENABLE_NS_ASSERTIONS = NO;
				ENABLE_STRICT_OBJC_MSGSEND = YES;
				GCC_C_LANGUAGE_STANDARD = gnu11;
				GCC_NO_COMMON_BLOCKS = YES;
				GCC_WARN_64_TO_32_BIT_CONVERSION = YES;
				GCC_WARN_ABOUT_RETURN_TYPE = YES_ERROR;
				GCC_WARN_UNDECLARED_SELECTOR = YES;
				GCC_WARN_UNINITIALIZED_AUTOS = YES_AGGRESSIVE;
				GCC_WARN_UNUSED_FUNCTION = YES;
				GCC_WARN_UNUSED_VARIABLE = YES;
				IPHONEOS_DEPLOYMENT_TARGET = 15.5;
				MTL_ENABLE_DEBUG_INFO = NO;
				MTL_FAST_MATH = YES;
				SDKROOT = iphoneos;
				SWIFT_COMPILATION_MODE = wholemodule;
				SWIFT_OPTIMIZATION_LEVEL = "-O";
				VALIDATE_PRODUCT = YES;
			};
			name = Release;
		};
		C9EBCF5C285BCCCC0061AFEA /* Debug */ = {
			isa = XCBuildConfiguration;
			baseConfigurationReference = 550F2830DF10DDD1A603A1F7 /* Pods-MvvmAlamofire.debug.xcconfig */;
			buildSettings = {
				ASSETCATALOG_COMPILER_APPICON_NAME = AppIcon;
				ASSETCATALOG_COMPILER_GLOBAL_ACCENT_COLOR_NAME = AccentColor;
				CODE_SIGN_STYLE = Automatic;
				CURRENT_PROJECT_VERSION = 1;
				DEVELOPMENT_TEAM = 4AKWAHU929;
				GENERATE_INFOPLIST_FILE = YES;
				INFOPLIST_FILE = MvvmAlamofire/Features/Info.plist;
				INFOPLIST_KEY_UIApplicationSupportsIndirectInputEvents = YES;
				INFOPLIST_KEY_UILaunchStoryboardName = LaunchScreen;
				INFOPLIST_KEY_UIMainStoryboardFile = Main;
				INFOPLIST_KEY_UISupportedInterfaceOrientations_iPad = "UIInterfaceOrientationPortrait UIInterfaceOrientationPortraitUpsideDown UIInterfaceOrientationLandscapeLeft UIInterfaceOrientationLandscapeRight";
				INFOPLIST_KEY_UISupportedInterfaceOrientations_iPhone = "UIInterfaceOrientationPortrait UIInterfaceOrientationLandscapeLeft UIInterfaceOrientationLandscapeRight";
				LD_RUNPATH_SEARCH_PATHS = (
					"$(inherited)",
					"@executable_path/Frameworks",
				);
				MARKETING_VERSION = 1.0;
				PRODUCT_BUNDLE_IDENTIFIER = com.mehmetergun.MvvmAlamofire;
				PRODUCT_NAME = "$(TARGET_NAME)";
				SWIFT_EMIT_LOC_STRINGS = YES;
				SWIFT_VERSION = 5.0;
				TARGETED_DEVICE_FAMILY = "1,2";
			};
			name = Debug;
		};
		C9EBCF5D285BCCCC0061AFEA /* Release */ = {
			isa = XCBuildConfiguration;
			baseConfigurationReference = 0F581CFF54431874A605D47D /* Pods-MvvmAlamofire.release.xcconfig */;
			buildSettings = {
				ASSETCATALOG_COMPILER_APPICON_NAME = AppIcon;
				ASSETCATALOG_COMPILER_GLOBAL_ACCENT_COLOR_NAME = AccentColor;
				CODE_SIGN_STYLE = Automatic;
				CURRENT_PROJECT_VERSION = 1;
				DEVELOPMENT_TEAM = 4AKWAHU929;
				GENERATE_INFOPLIST_FILE = YES;
				INFOPLIST_FILE = MvvmAlamofire/Features/Info.plist;
				INFOPLIST_KEY_UIApplicationSupportsIndirectInputEvents = YES;
				INFOPLIST_KEY_UILaunchStoryboardName = LaunchScreen;
				INFOPLIST_KEY_UIMainStoryboardFile = Main;
				INFOPLIST_KEY_UISupportedInterfaceOrientations_iPad = "UIInterfaceOrientationPortrait UIInterfaceOrientationPortraitUpsideDown UIInterfaceOrientationLandscapeLeft UIInterfaceOrientationLandscapeRight";
				INFOPLIST_KEY_UISupportedInterfaceOrientations_iPhone = "UIInterfaceOrientationPortrait UIInterfaceOrientationLandscapeLeft UIInterfaceOrientationLandscapeRight";
				LD_RUNPATH_SEARCH_PATHS = (
					"$(inherited)",
					"@executable_path/Frameworks",
				);
				MARKETING_VERSION = 1.0;
				PRODUCT_BUNDLE_IDENTIFIER = com.mehmetergun.MvvmAlamofire;
				PRODUCT_NAME = "$(TARGET_NAME)";
				SWIFT_EMIT_LOC_STRINGS = YES;
				SWIFT_VERSION = 5.0;
				TARGETED_DEVICE_FAMILY = "1,2";
			};
			name = Release;
		};
/* End XCBuildConfiguration section */

/* Begin XCConfigurationList section */
		C9EBCF42285BCCCB0061AFEA /* Build configuration list for PBXProject "MvvmAlamofire" */ = {
			isa = XCConfigurationList;
			buildConfigurations = (
				C9EBCF59285BCCCC0061AFEA /* Debug */,
				C9EBCF5A285BCCCC0061AFEA /* Release */,
			);
			defaultConfigurationIsVisible = 0;
			defaultConfigurationName = Release;
		};
		C9EBCF5B285BCCCC0061AFEA /* Build configuration list for PBXNativeTarget "MvvmAlamofire" */ = {
			isa = XCConfigurationList;
			buildConfigurations = (
				C9EBCF5C285BCCCC0061AFEA /* Debug */,
				C9EBCF5D285BCCCC0061AFEA /* Release */,
			);
			defaultConfigurationIsVisible = 0;
			defaultConfigurationName = Release;
		};
/* End XCConfigurationList section */
	};
	rootObject = C9EBCF3F285BCCCB0061AFEA /* Project object */;
}
